{
  "object": {
    "pins": [
      {
        "package": "Amplify",
        "repositoryURL": "https://github.com/aws-amplify/amplify-ios",
        "state": {
          "branch": "dev-preview",
          "revision": "8d01f958001cb38784c10d8426512f1594838d84",
          "version": null
        }
      },
      {
        "package": "AppSyncRealTimeClient",
        "repositoryURL": "https://github.com/aws-amplify/aws-appsync-realtime-client-ios.git",
        "state": {
          "branch": null,
          "revision": "da88cf1cab82e281e7277cd9feb9efc87a057041",
          "version": "2.1.1"
        }
      },
      {
        "package": "AwsCrt",
        "repositoryURL": "https://github.com/awslabs/aws-crt-swift.git",
        "state": {
          "branch": null,
          "revision": "d654b82a55aec736ad8b4354027acab17394a060",
          "version": "0.2.2"
        }
      },
      {
        "package": "AWSSwiftSDK",
        "repositoryURL": "https://github.com/awslabs/aws-sdk-swift.git",
        "state": {
          "branch": null,
          "revision": "eea9a9ac6aab16e99eec10169a56336f79ce2e37",
          "version": "0.2.6"
        }
      },
      {
        "package": "MapLibre GL Native",
        "repositoryURL": "https://github.com/maplibre/maplibre-gl-native-distribution",
        "state": {
          "branch": null,
          "revision": "d524c18d8c572db72c753f88492c36b9749725e1",
          "version": "5.12.0"
        }
      },
      {
        "package": "ClientRuntime",
        "repositoryURL": "https://github.com/awslabs/smithy-swift.git",
        "state": {
          "branch": null,
          "revision": "5b7b9bdc459b599d394d6f38ef6c61d6f0ed2090",
          "version": "0.3.0"
        }
      },
      {
        "package": "SQLite.swift",
        "repositoryURL": "https://github.com/stephencelis/SQLite.swift.git",
        "state": {
          "branch": null,
          "revision": "0a9893ec030501a3956bee572d6b4fdd3ae158a1",
          "version": "0.12.2"
        }
      },
      {
        "package": "Starscream",
        "repositoryURL": "https://github.com/daltoniam/Starscream",
        "state": {
          "branch": null,
          "revision": "df8d82047f6654d8e4b655d1b1525c64e1059d21",
          "version": "4.0.4"
        }
      },
      {
        "package": "swift-collections",
        "repositoryURL": "https://github.com/apple/swift-collections",
        "state": {
          "branch": null,
          "revision": "f504716c27d2e5d4144fa4794b12129301d17729",
          "version": "1.0.3"
        }
      },
      {
        "package": "swift-log",
        "repositoryURL": "https://github.com/apple/swift-log.git",
        "state": {
          "branch": null,
          "revision": "6fe203dc33195667ce1759bf0182975e4653ba1c",
          "version": "1.4.4"
        }
      },
      {
        "package": "XMLCoder",
        "repositoryURL": "https://github.com/MaxDesiatov/XMLCoder.git",
        "state": {
          "branch": null,
          "revision": "ca932442d7481700f5434a7b138c47dd42d9902b",
          "version": "0.14.0"
        }
      }
    ]
  },
  "version": 1
}
