{
  "object": {
    "pins": [
      {
        "package": "Amplify",
        "repositoryURL": "https://github.com/aws-amplify/amplify-swift.git",
        "state": {
          "branch": null,
          "revision": "35ed09d6e204dc59d0c1415bba3c29986c82e63a",
          "version": "2.2.0"
        }
      },
      {
        "package": "AppSyncRealTimeClient",
        "repositoryURL": "https://github.com/aws-amplify/aws-appsync-realtime-client-ios.git",
        "state": {
          "branch": null,
          "revision": "da88cf1cab82e281e7277cd9feb9efc87a057041",
          "version": "2.1.1"
        }
      },
      {
        "package": "AwsCrt",
        "repositoryURL": "https://github.com/awslabs/aws-crt-swift.git",
        "state": {
          "branch": null,
          "revision": "1846c60b9d50034f684384d8eef5e5aef7c40d6b",
          "version": "0.3.1"
        }
      },
      {
        "package": "AWSSwiftSDK",
        "repositoryURL": "https://github.com/awslabs/aws-sdk-swift.git",
        "state": {
          "branch": null,
          "revision": "3a2b88928888b90feeec203137642fee7f1329e2",
          "version": "0.5.0"
        }
      },
      {
        "package": "MapLibre GL Native",
        "repositoryURL": "https://github.com/maplibre/maplibre-gl-native-distribution",
        "state": {
          "branch": null,
          "revision": "d524c18d8c572db72c753f88492c36b9749725e1",
          "version": "5.12.0"
        }
      },
      {
        "package": "ClientRuntime",
        "repositoryURL": "https://github.com/awslabs/smithy-swift.git",
        "state": {
          "branch": null,
          "revision": "e4285fe2b80bcc4eabe67f82b1c84344ec86124d",
          "version": "0.5.0"
        }
      },
      {
        "package": "SQLite.swift",
        "repositoryURL": "https://github.com/stephencelis/SQLite.swift.git",
        "state": {
          "branch": null,
          "revision": "5f5ad81ac0d0a0f3e56e39e646e8423c617df523",
          "version": "0.13.2"
        }
      },
      {
        "package": "Starscream",
        "repositoryURL": "https://github.com/daltoniam/Starscream",
        "state": {
          "branch": null,
          "revision": "df8d82047f6654d8e4b655d1b1525c64e1059d21",
          "version": "4.0.4"
        }
      },
      {
        "package": "swift-collections",
        "repositoryURL": "https://github.com/apple/swift-collections",
        "state": {
          "branch": null,
          "revision": "f504716c27d2e5d4144fa4794b12129301d17729",
          "version": "1.0.3"
        }
      },
      {
        "package": "swift-log",
        "repositoryURL": "https://github.com/apple/swift-log.git",
        "state": {
          "branch": null,
          "revision": "6fe203dc33195667ce1759bf0182975e4653ba1c",
          "version": "1.4.4"
        }
      },
      {
        "package": "XMLCoder",
        "repositoryURL": "https://github.com/MaxDesiatov/XMLCoder.git",
        "state": {
          "branch": null,
          "revision": "c438dad94f6a243b411b70a4b4bac54595064808",
          "version": "0.15.0"
        }
      }
    ]
  },
  "version": 1
}
